
Microsoft Visual Studio Solution File, Format Version 12.00
# Visual Studio Version 17
VisualStudioVersion = 17.7.34221.43
MinimumVisualStudioVersion = 10.0.40219.1
Project("{FAE04EC0-301F-11D3-BF4B-00C04F79EFBC}") = "kursach", "kursach\kursach.csproj", "{8BC7D3CD-CB7B-4987-967B-9513DB6BFCB3}"
EndProject
Global
	GlobalSection(SolutionConfigurationPlatforms) = preSolution
		Debug|Any CPU = Debug|Any CPU
		Release|Any CPU = Release|Any CPU
	EndGlobalSection
	GlobalSection(ProjectConfigurationPlatforms) = postSolution
		{8BC7D3CD-CB7B-4987-967B-9513DB6BFCB3}.Debug|Any CPU.ActiveCfg = Debug|Any CPU
		{8BC7D3CD-CB7B-4987-967B-9513DB6BFCB3}.Debug|Any CPU.Build.0 = Debug|Any CPU
		{8BC7D3CD-CB7B-4987-967B-9513DB6BFCB3}.Release|Any CPU.ActiveCfg = Release|Any CPU
		{8BC7D3CD-CB7B-4987-967B-9513DB6BFCB3}.Release|Any CPU.Build.0 = Release|Any CPU
	EndGlobalSection
	GlobalSection(SolutionProperties) = preSolution
		HideSolutionNode = FALSE
	EndGlobalSection
	GlobalSection(ExtensibilityGlobals) = postSolution
		SolutionGuid = {EDE826D4-F24C-4819-9A27-F584E6044A92}
	EndGlobalSection
EndGlobal
